
Microsoft Visual Studio Solution File, Format Version 12.00
# Visual Studio Version 17
VisualStudioVersion = 17.9.34728.123
MinimumVisualStudioVersion = 10.0.40219.1
Project("{9A19103F-16F7-4668-BE54-9A1E7A4F7556}") = "Exercise-Slash-Commands", "Exercise-Slash-Commands\Exercise-Slash-Commands.csproj", "{ADB578D5-B213-4530-9036-F2EEC87385EF}"
EndProject
Project("{9A19103F-16F7-4668-BE54-9A1E7A4F7556}") = "Exercise-Refactoring", "Exercise-Refactoring\Exercise-Refactoring.csproj", "{84191CED-3E59-4717-BFE1-D1E453703005}"
EndProject
Project("{9A19103F-16F7-4668-BE54-9A1E7A4F7556}") = "Exercise-Warmup", "Exercise-Warmup\Exercise-Warmup.csproj", "{B045B8AA-77F8-4560-B168-8D7633BC3D80}"
EndProject
Project("{9A19103F-16F7-4668-BE54-9A1E7A4F7556}") = "Exercise-Context", "Exercise-Context\Exercise-Context.csproj", "{A9E71D0E-3F47-4BBA-B725-CAF8C584E130}"
EndProject
Project("{9A19103F-16F7-4668-BE54-9A1E7A4F7556}") = "Exercise-Generation", "Exercise-CodeGeneration\Exercise-Generation.csproj", "{6196603B-BA56-4163-9DEB-48EEE559C8AB}"
EndProject
Project("{9A19103F-16F7-4668-BE54-9A1E7A4F7556}") = "Exercise-Debugging", "Exercise-Performance\Exercise-Debugging.csproj", "{AB46A308-4FE4-4A1F-8623-63032A86BA2B}"
EndProject
Project("{9A19103F-16F7-4668-BE54-9A1E7A4F7556}") = "Exercise-General", "Exercise-General\Exercise-General.csproj", "{F7A6FAFF-511B-46B6-BEF2-FDC9936259A4}"
EndProject
Project("{2150E333-8FDC-42A3-9474-1A3956D46DE8}") = "Solution Items", "Solution Items", "{B4C1DB90-0286-415A-9B5C-DE2B70D2635D}"
EndProject
Project("{2150E333-8FDC-42A3-9474-1A3956D46DE8}") = "HelpProjects", "HelpProjects", "{0669F312-E183-478C-B022-5178320F82C3}"
EndProject
Project("{9A19103F-16F7-4668-BE54-9A1E7A4F7556}") = "University.API", "University\University.API.csproj", "{A3819199-72AC-407A-92B2-655B5203B756}"
EndProject
Project("{2150E333-8FDC-42A3-9474-1A3956D46DE8}") = "Exercises", "Exercises", "{1AE9B434-BC91-4EBF-AB6B-FF5F8DDD0EA6}"
	ProjectSection(SolutionItems) = preProject
		Exercise.js = Exercise.js
		Exercises.html = Exercises.html
		Exercises1.css = Exercises1.css
	EndProjectSection
EndProject
Project("{9A19103F-16F7-4668-BE54-9A1E7A4F7556}") = "Exercise-Testing", "Exercise-Testing\Exercise-Testing.csproj", "{6B3FB5BA-E6B8-4F26-A5E3-26BFD4FE0D9B}"
EndProject
Project("{9A19103F-16F7-4668-BE54-9A1E7A4F7556}") = "Demo-Executable", "Demo-Executable\Demo-Executable.csproj", "{6F890578-4076-49A7-975F-6F137BE4C87D}"
EndProject
Project("{9A19103F-16F7-4668-BE54-9A1E7A4F7556}") = "Algorithms", "Algorithms\Algorithms.csproj", "{A1551548-7A78-4481-B266-F66F597475C3}"
EndProject
Project("{9A19103F-16F7-4668-BE54-9A1E7A4F7556}") = "Exercise-Security", "Exercise-Security\Exercise-Security.csproj", "{80504E73-2D89-46B4-9A7B-5FF98E59FA1A}"
EndProject
Project("{9A19103F-16F7-4668-BE54-9A1E7A4F7556}") = "TaskManager.API", "TaskManager.API\TaskManager.API.csproj", "{5E3E9929-89BD-49A5-8538-6F6E4FF1184F}"
EndProject
Project("{9A19103F-16F7-4668-BE54-9A1E7A4F7556}") = "OrderManagement.Domain", "OrderManagement.Domain\OrderManagement.Domain.csproj", "{2F7A4A4D-F093-4A1F-9231-F15054E68436}"
EndProject
Project("{9A19103F-16F7-4668-BE54-9A1E7A4F7556}") = "UserManagement.API", "UserManagement.API\UserManagement.API.csproj", "{15EA0A73-648E-4649-AF47-A414E0E292D2}"
EndProject
Project("{9A19103F-16F7-4668-BE54-9A1E7A4F7556}") = "Bank.Domain", "Bank.Domain\Bank.Domain.csproj", "{8B9926DE-2581-435B-A976-3CBD1C9C85E1}"
EndProject
Project("{FAE04EC0-301F-11D3-BF4B-00C04F79EFBC}") = "Quotes.API", "Quotes.API\Quotes.API.csproj", "{8192D4BE-F032-48C8-B2F2-09C9BB8873A9}"
EndProject
Global
	GlobalSection(SolutionConfigurationPlatforms) = preSolution
		Debug|Any CPU = Debug|Any CPU
		Release|Any CPU = Release|Any CPU
	EndGlobalSection
	GlobalSection(ProjectConfigurationPlatforms) = postSolution
		{ADB578D5-B213-4530-9036-F2EEC87385EF}.Debug|Any CPU.ActiveCfg = Debug|Any CPU
		{ADB578D5-B213-4530-9036-F2EEC87385EF}.Debug|Any CPU.Build.0 = Debug|Any CPU
		{ADB578D5-B213-4530-9036-F2EEC87385EF}.Release|Any CPU.ActiveCfg = Release|Any CPU
		{ADB578D5-B213-4530-9036-F2EEC87385EF}.Release|Any CPU.Build.0 = Release|Any CPU
		{84191CED-3E59-4717-BFE1-D1E453703005}.Debug|Any CPU.ActiveCfg = Debug|Any CPU
		{84191CED-3E59-4717-BFE1-D1E453703005}.Debug|Any CPU.Build.0 = Debug|Any CPU
		{84191CED-3E59-4717-BFE1-D1E453703005}.Release|Any CPU.ActiveCfg = Release|Any CPU
		{84191CED-3E59-4717-BFE1-D1E453703005}.Release|Any CPU.Build.0 = Release|Any CPU
		{B045B8AA-77F8-4560-B168-8D7633BC3D80}.Debug|Any CPU.ActiveCfg = Debug|Any CPU
		{B045B8AA-77F8-4560-B168-8D7633BC3D80}.Debug|Any CPU.Build.0 = Debug|Any CPU
		{B045B8AA-77F8-4560-B168-8D7633BC3D80}.Release|Any CPU.ActiveCfg = Release|Any CPU
		{B045B8AA-77F8-4560-B168-8D7633BC3D80}.Release|Any CPU.Build.0 = Release|Any CPU
		{A9E71D0E-3F47-4BBA-B725-CAF8C584E130}.Debug|Any CPU.ActiveCfg = Debug|Any CPU
		{A9E71D0E-3F47-4BBA-B725-CAF8C584E130}.Debug|Any CPU.Build.0 = Debug|Any CPU
		{A9E71D0E-3F47-4BBA-B725-CAF8C584E130}.Release|Any CPU.ActiveCfg = Release|Any CPU
		{A9E71D0E-3F47-4BBA-B725-CAF8C584E130}.Release|Any CPU.Build.0 = Release|Any CPU
		{6196603B-BA56-4163-9DEB-48EEE559C8AB}.Debug|Any CPU.ActiveCfg = Debug|Any CPU
		{6196603B-BA56-4163-9DEB-48EEE559C8AB}.Debug|Any CPU.Build.0 = Debug|Any CPU
		{6196603B-BA56-4163-9DEB-48EEE559C8AB}.Release|Any CPU.ActiveCfg = Release|Any CPU
		{6196603B-BA56-4163-9DEB-48EEE559C8AB}.Release|Any CPU.Build.0 = Release|Any CPU
		{AB46A308-4FE4-4A1F-8623-63032A86BA2B}.Debug|Any CPU.ActiveCfg = Debug|Any CPU
		{AB46A308-4FE4-4A1F-8623-63032A86BA2B}.Debug|Any CPU.Build.0 = Debug|Any CPU
		{AB46A308-4FE4-4A1F-8623-63032A86BA2B}.Release|Any CPU.ActiveCfg = Release|Any CPU
		{AB46A308-4FE4-4A1F-8623-63032A86BA2B}.Release|Any CPU.Build.0 = Release|Any CPU
		{F7A6FAFF-511B-46B6-BEF2-FDC9936259A4}.Debug|Any CPU.ActiveCfg = Debug|Any CPU
		{F7A6FAFF-511B-46B6-BEF2-FDC9936259A4}.Debug|Any CPU.Build.0 = Debug|Any CPU
		{F7A6FAFF-511B-46B6-BEF2-FDC9936259A4}.Release|Any CPU.ActiveCfg = Release|Any CPU
		{F7A6FAFF-511B-46B6-BEF2-FDC9936259A4}.Release|Any CPU.Build.0 = Release|Any CPU
		{A3819199-72AC-407A-92B2-655B5203B756}.Debug|Any CPU.ActiveCfg = Debug|Any CPU
		{A3819199-72AC-407A-92B2-655B5203B756}.Debug|Any CPU.Build.0 = Debug|Any CPU
		{A3819199-72AC-407A-92B2-655B5203B756}.Release|Any CPU.ActiveCfg = Release|Any CPU
		{A3819199-72AC-407A-92B2-655B5203B756}.Release|Any CPU.Build.0 = Release|Any CPU
		{6B3FB5BA-E6B8-4F26-A5E3-26BFD4FE0D9B}.Debug|Any CPU.ActiveCfg = Debug|Any CPU
		{6B3FB5BA-E6B8-4F26-A5E3-26BFD4FE0D9B}.Debug|Any CPU.Build.0 = Debug|Any CPU
		{6B3FB5BA-E6B8-4F26-A5E3-26BFD4FE0D9B}.Release|Any CPU.ActiveCfg = Release|Any CPU
		{6B3FB5BA-E6B8-4F26-A5E3-26BFD4FE0D9B}.Release|Any CPU.Build.0 = Release|Any CPU
		{6F890578-4076-49A7-975F-6F137BE4C87D}.Debug|Any CPU.ActiveCfg = Debug|Any CPU
		{6F890578-4076-49A7-975F-6F137BE4C87D}.Debug|Any CPU.Build.0 = Debug|Any CPU
		{6F890578-4076-49A7-975F-6F137BE4C87D}.Release|Any CPU.ActiveCfg = Release|Any CPU
		{6F890578-4076-49A7-975F-6F137BE4C87D}.Release|Any CPU.Build.0 = Release|Any CPU
		{A1551548-7A78-4481-B266-F66F597475C3}.Debug|Any CPU.ActiveCfg = Debug|Any CPU
		{A1551548-7A78-4481-B266-F66F597475C3}.Debug|Any CPU.Build.0 = Debug|Any CPU
		{A1551548-7A78-4481-B266-F66F597475C3}.Release|Any CPU.ActiveCfg = Release|Any CPU
		{A1551548-7A78-4481-B266-F66F597475C3}.Release|Any CPU.Build.0 = Release|Any CPU
		{80504E73-2D89-46B4-9A7B-5FF98E59FA1A}.Debug|Any CPU.ActiveCfg = Debug|Any CPU
		{80504E73-2D89-46B4-9A7B-5FF98E59FA1A}.Debug|Any CPU.Build.0 = Debug|Any CPU
		{80504E73-2D89-46B4-9A7B-5FF98E59FA1A}.Release|Any CPU.ActiveCfg = Release|Any CPU
		{80504E73-2D89-46B4-9A7B-5FF98E59FA1A}.Release|Any CPU.Build.0 = Release|Any CPU
		{5E3E9929-89BD-49A5-8538-6F6E4FF1184F}.Debug|Any CPU.ActiveCfg = Debug|Any CPU
		{5E3E9929-89BD-49A5-8538-6F6E4FF1184F}.Debug|Any CPU.Build.0 = Debug|Any CPU
		{5E3E9929-89BD-49A5-8538-6F6E4FF1184F}.Release|Any CPU.ActiveCfg = Release|Any CPU
		{5E3E9929-89BD-49A5-8538-6F6E4FF1184F}.Release|Any CPU.Build.0 = Release|Any CPU
		{2F7A4A4D-F093-4A1F-9231-F15054E68436}.Debug|Any CPU.ActiveCfg = Debug|Any CPU
		{2F7A4A4D-F093-4A1F-9231-F15054E68436}.Debug|Any CPU.Build.0 = Debug|Any CPU
		{2F7A4A4D-F093-4A1F-9231-F15054E68436}.Release|Any CPU.ActiveCfg = Release|Any CPU
		{2F7A4A4D-F093-4A1F-9231-F15054E68436}.Release|Any CPU.Build.0 = Release|Any CPU
		{15EA0A73-648E-4649-AF47-A414E0E292D2}.Debug|Any CPU.ActiveCfg = Debug|Any CPU
		{15EA0A73-648E-4649-AF47-A414E0E292D2}.Debug|Any CPU.Build.0 = Debug|Any CPU
		{15EA0A73-648E-4649-AF47-A414E0E292D2}.Release|Any CPU.ActiveCfg = Release|Any CPU
		{15EA0A73-648E-4649-AF47-A414E0E292D2}.Release|Any CPU.Build.0 = Release|Any CPU
		{8B9926DE-2581-435B-A976-3CBD1C9C85E1}.Debug|Any CPU.ActiveCfg = Debug|Any CPU
		{8B9926DE-2581-435B-A976-3CBD1C9C85E1}.Debug|Any CPU.Build.0 = Debug|Any CPU
		{8B9926DE-2581-435B-A976-3CBD1C9C85E1}.Release|Any CPU.ActiveCfg = Release|Any CPU
		{8B9926DE-2581-435B-A976-3CBD1C9C85E1}.Release|Any CPU.Build.0 = Release|Any CPU
		{8192D4BE-F032-48C8-B2F2-09C9BB8873A9}.Debug|Any CPU.ActiveCfg = Debug|Any CPU
		{8192D4BE-F032-48C8-B2F2-09C9BB8873A9}.Debug|Any CPU.Build.0 = Debug|Any CPU
		{8192D4BE-F032-48C8-B2F2-09C9BB8873A9}.Release|Any CPU.ActiveCfg = Release|Any CPU
		{8192D4BE-F032-48C8-B2F2-09C9BB8873A9}.Release|Any CPU.Build.0 = Release|Any CPU
	EndGlobalSection
	GlobalSection(SolutionProperties) = preSolution
		HideSolutionNode = FALSE
	EndGlobalSection
	GlobalSection(NestedProjects) = preSolution
		{A3819199-72AC-407A-92B2-655B5203B756} = {0669F312-E183-478C-B022-5178320F82C3}
		{1AE9B434-BC91-4EBF-AB6B-FF5F8DDD0EA6} = {B4C1DB90-0286-415A-9B5C-DE2B70D2635D}
		{A1551548-7A78-4481-B266-F66F597475C3} = {0669F312-E183-478C-B022-5178320F82C3}
		{5E3E9929-89BD-49A5-8538-6F6E4FF1184F} = {0669F312-E183-478C-B022-5178320F82C3}
		{2F7A4A4D-F093-4A1F-9231-F15054E68436} = {0669F312-E183-478C-B022-5178320F82C3}
		{15EA0A73-648E-4649-AF47-A414E0E292D2} = {0669F312-E183-478C-B022-5178320F82C3}
		{8B9926DE-2581-435B-A976-3CBD1C9C85E1} = {0669F312-E183-478C-B022-5178320F82C3}
		{8192D4BE-F032-48C8-B2F2-09C9BB8873A9} = {0669F312-E183-478C-B022-5178320F82C3}
	EndGlobalSection
	GlobalSection(ExtensibilityGlobals) = postSolution
		SolutionGuid = {B48C6406-1FCB-4626-9992-190CDA083926}
	EndGlobalSection
EndGlobal
